
Microsoft Visual Studio Solution File, Format Version 12.00
# Visual Studio 2013
VisualStudioVersion = 12.0.31101.0
MinimumVisualStudioVersion = 10.0.40219.1
Project("{FAE04EC0-301F-11D3-BF4B-00C04F79EFBC}") = "Owin.UrlRewrite.Tests", "Owin.UrlRewrite.Tests\Owin.UrlRewrite.Tests.csproj", "{07400145-2462-422C-860C-AC2D59A2CB9E}"
EndProject
Project("{FAE04EC0-301F-11D3-BF4B-00C04F79EFBC}") = "Owin.UrlRewrite", "Owin.UrlRewrite\Owin.UrlRewrite.csproj", "{05377B72-2309-454D-BA1D-65908A2BF005}"
EndProject
Project("{2150E333-8FDC-42A3-9474-1A3956D46DE8}") = ".nuget", ".nuget", "{E2591C99-1CA0-477A-9091-3AD78AB7ED57}"
	ProjectSection(SolutionItems) = preProject
		.nuget\NuGet.Config = .nuget\NuGet.Config
		.nuget\NuGet.exe = .nuget\NuGet.exe
		.nuget\NuGet.targets = .nuget\NuGet.targets
	EndProjectSection
EndProject
Project("{2150E333-8FDC-42A3-9474-1A3956D46DE8}") = "Samples", "Samples", "{C31291DB-16A1-4DD3-A6AB-3BD0EAA2AFAD}"
EndProject
Project("{FAE04EC0-301F-11D3-BF4B-00C04F79EFBC}") = "Sample", "Sample\Sample.csproj", "{AE2DEA77-C0D3-4E76-8557-B0FBC07D9AA5}"
EndProject
Global
	GlobalSection(SolutionConfigurationPlatforms) = preSolution
		Debug|Any CPU = Debug|Any CPU
		Release|Any CPU = Release|Any CPU
	EndGlobalSection
	GlobalSection(ProjectConfigurationPlatforms) = postSolution
		{07400145-2462-422C-860C-AC2D59A2CB9E}.Debug|Any CPU.ActiveCfg = Debug|Any CPU
		{07400145-2462-422C-860C-AC2D59A2CB9E}.Debug|Any CPU.Build.0 = Debug|Any CPU
		{07400145-2462-422C-860C-AC2D59A2CB9E}.Release|Any CPU.ActiveCfg = Release|Any CPU
		{07400145-2462-422C-860C-AC2D59A2CB9E}.Release|Any CPU.Build.0 = Release|Any CPU
		{05377B72-2309-454D-BA1D-65908A2BF005}.Debug|Any CPU.ActiveCfg = Debug|Any CPU
		{05377B72-2309-454D-BA1D-65908A2BF005}.Debug|Any CPU.Build.0 = Debug|Any CPU
		{05377B72-2309-454D-BA1D-65908A2BF005}.Release|Any CPU.ActiveCfg = Release|Any CPU
		{05377B72-2309-454D-BA1D-65908A2BF005}.Release|Any CPU.Build.0 = Release|Any CPU
		{AE2DEA77-C0D3-4E76-8557-B0FBC07D9AA5}.Debug|Any CPU.ActiveCfg = Debug|Any CPU
		{AE2DEA77-C0D3-4E76-8557-B0FBC07D9AA5}.Debug|Any CPU.Build.0 = Debug|Any CPU
		{AE2DEA77-C0D3-4E76-8557-B0FBC07D9AA5}.Release|Any CPU.ActiveCfg = Release|Any CPU
		{AE2DEA77-C0D3-4E76-8557-B0FBC07D9AA5}.Release|Any CPU.Build.0 = Release|Any CPU
	EndGlobalSection
	GlobalSection(SolutionProperties) = preSolution
		HideSolutionNode = FALSE
	EndGlobalSection
	GlobalSection(NestedProjects) = preSolution
		{AE2DEA77-C0D3-4E76-8557-B0FBC07D9AA5} = {C31291DB-16A1-4DD3-A6AB-3BD0EAA2AFAD}
	EndGlobalSection
EndGlobal
